
Microsoft Visual Studio Solution File, Format Version 12.00
# Visual Studio Version 17
VisualStudioVersion = 17.4.33213.308
MinimumVisualStudioVersion = 10.0.40219.1
Project("{FAE04EC0-301F-11D3-BF4B-00C04F79EFBC}") = "ConsoleApp2", "ConsoleApp2.csproj", "{21B604AD-AE64-4A59-BDDC-C1BD0530F06A}"
EndProject
Global
	GlobalSection(SolutionConfigurationPlatforms) = preSolution
		Debug|Any CPU = Debug|Any CPU
		Release|Any CPU = Release|Any CPU
	EndGlobalSection
	GlobalSection(ProjectConfigurationPlatforms) = postSolution
		{21B604AD-AE64-4A59-BDDC-C1BD0530F06A}.Debug|Any CPU.ActiveCfg = Debug|Any CPU
		{21B604AD-AE64-4A59-BDDC-C1BD0530F06A}.Debug|Any CPU.Build.0 = Debug|Any CPU
		{21B604AD-AE64-4A59-BDDC-C1BD0530F06A}.Release|Any CPU.ActiveCfg = Release|Any CPU
		{21B604AD-AE64-4A59-BDDC-C1BD0530F06A}.Release|Any CPU.Build.0 = Release|Any CPU
	EndGlobalSection
	GlobalSection(SolutionProperties) = preSolution
		HideSolutionNode = FALSE
	EndGlobalSection
	GlobalSection(ExtensibilityGlobals) = postSolution
		SolutionGuid = {E2EDA1BD-8227-497E-84A8-2E34477E29CB}
	EndGlobalSection
EndGlobal
